// !$*UTF8*$!
{
	archiveVersion = 1;
	classes = {
	};
	objectVersion = 46;
	objects = {

/* Begin PBXBuildFile section */
		B01EE5301E435CA00049BCBF /* CreateProfileViewController.swift in Sources */ = {isa = PBXBuildFile; fileRef = B01EE52E1E435CA00049BCBF /* CreateProfileViewController.swift */; };
		B01EE5401E435D450049BCBF /* AkiraTextField.swift in Sources */ = {isa = PBXBuildFile; fileRef = B01EE5341E435D450049BCBF /* AkiraTextField.swift */; };
		B01EE5411E435D450049BCBF /* HoshiTextField.swift in Sources */ = {isa = PBXBuildFile; fileRef = B01EE5351E435D450049BCBF /* HoshiTextField.swift */; };
		B01EE5421E435D450049BCBF /* Info.plist in Resources */ = {isa = PBXBuildFile; fileRef = B01EE5361E435D450049BCBF /* Info.plist */; };
		B01EE5431E435D450049BCBF /* IsaoTextField.swift in Sources */ = {isa = PBXBuildFile; fileRef = B01EE5371E435D450049BCBF /* IsaoTextField.swift */; };
		B01EE5441E435D450049BCBF /* JiroTextField.swift in Sources */ = {isa = PBXBuildFile; fileRef = B01EE5381E435D450049BCBF /* JiroTextField.swift */; };
		B01EE5451E435D450049BCBF /* KaedeTextField.swift in Sources */ = {isa = PBXBuildFile; fileRef = B01EE5391E435D450049BCBF /* KaedeTextField.swift */; };
		B01EE5461E435D450049BCBF /* MadokaTextField.swift in Sources */ = {isa = PBXBuildFile; fileRef = B01EE53A1E435D450049BCBF /* MadokaTextField.swift */; };
		B01EE5471E435D450049BCBF /* MinoruTextField.swift in Sources */ = {isa = PBXBuildFile; fileRef = B01EE53B1E435D450049BCBF /* MinoruTextField.swift */; };
		B01EE5481E435D450049BCBF /* TextFieldsEffects.swift in Sources */ = {isa = PBXBuildFile; fileRef = B01EE53D1E435D450049BCBF /* TextFieldsEffects.swift */; };
		B01EE5491E435D450049BCBF /* YokoTextField.swift in Sources */ = {isa = PBXBuildFile; fileRef = B01EE53E1E435D450049BCBF /* YokoTextField.swift */; };
		B01EE54A1E435D450049BCBF /* YoshikoTextField.swift in Sources */ = {isa = PBXBuildFile; fileRef = B01EE53F1E435D450049BCBF /* YoshikoTextField.swift */; };
		B02761861E5E8B9500668C87 /* MKGradientGenerator.swift in Sources */ = {isa = PBXBuildFile; fileRef = B02761841E5E8B9500668C87 /* MKGradientGenerator.swift */; };
		B02761871E5E8B9500668C87 /* MKGradientView.swift in Sources */ = {isa = PBXBuildFile; fileRef = B02761851E5E8B9500668C87 /* MKGradientView.swift */; };
		B0383C211E4322E2002FD893 /* SettingsViewController.swift in Sources */ = {isa = PBXBuildFile; fileRef = B0383C201E4322E2002FD893 /* SettingsViewController.swift */; };
		B0383C231E43256B002FD893 /* FacebookGraph.swift in Sources */ = {isa = PBXBuildFile; fileRef = B0383C221E43256B002FD893 /* FacebookGraph.swift */; };
		B0383C261E43515C002FD893 /* UserSearchViewController.storyboard in Resources */ = {isa = PBXBuildFile; fileRef = B0383C241E43515C002FD893 /* UserSearchViewController.storyboard */; };
		B0383C271E43515C002FD893 /* UserSearchViewController.swift in Sources */ = {isa = PBXBuildFile; fileRef = B0383C251E43515C002FD893 /* UserSearchViewController.swift */; };
		B059015C1E628497005BD519 /* LocationHeaderView.xib in Resources */ = {isa = PBXBuildFile; fileRef = B059015B1E628496005BD519 /* LocationHeaderView.xib */; };
		B059015E1E6284F7005BD519 /* LocationHeaderView.swift in Sources */ = {isa = PBXBuildFile; fileRef = B059015D1E6284F7005BD519 /* LocationHeaderView.swift */; };
		B0828FF31E64AA6E00F3EE2C /* mapStyle.json in Resources */ = {isa = PBXBuildFile; fileRef = B0828FF21E64AA6E00F3EE2C /* mapStyle.json */; };
		B087C7511E4163AA00234715 /* CameraButton.swift in Sources */ = {isa = PBXBuildFile; fileRef = B087C7501E4163AA00234715 /* CameraButton.swift */; };
		B087C7531E41646E00234715 /* KDCircularProgress.swift in Sources */ = {isa = PBXBuildFile; fileRef = B087C7521E41646E00234715 /* KDCircularProgress.swift */; };
		B087C7561E41C10A00234715 /* UserProfileViewController.swift in Sources */ = {isa = PBXBuildFile; fileRef = B087C7551E41C10A00234715 /* UserProfileViewController.swift */; };
		B087C7591E41C16600234715 /* PhotoCell.swift in Sources */ = {isa = PBXBuildFile; fileRef = B087C7571E41C16600234715 /* PhotoCell.swift */; };
		B087C75A1E41C16600234715 /* PhotoCell.xib in Resources */ = {isa = PBXBuildFile; fileRef = B087C7581E41C16600234715 /* PhotoCell.xib */; };
		B087C75D1E41C27100234715 /* ProfileHeaderView.swift in Sources */ = {isa = PBXBuildFile; fileRef = B087C75B1E41C27100234715 /* ProfileHeaderView.swift */; };
		B087C75E1E41C27100234715 /* ProfileHeaderView.xib in Resources */ = {isa = PBXBuildFile; fileRef = B087C75C1E41C27100234715 /* ProfileHeaderView.xib */; };
		B087C7601E41C52E00234715 /* SocialReducer.swift in Sources */ = {isa = PBXBuildFile; fileRef = B087C75F1E41C52E00234715 /* SocialReducer.swift */; };
		B087C7621E41C5D900234715 /* UserReducer.swift in Sources */ = {isa = PBXBuildFile; fileRef = B087C7611E41C5D900234715 /* UserReducer.swift */; };
		B087C7641E41C61700234715 /* LocationsReducer.swift in Sources */ = {isa = PBXBuildFile; fileRef = B087C7631E41C61600234715 /* LocationsReducer.swift */; };
		B087C7671E41E43600234715 /* PostAuthorView.swift in Sources */ = {isa = PBXBuildFile; fileRef = B087C7651E41E43600234715 /* PostAuthorView.swift */; };
		B087C7681E41E43600234715 /* PostAuthorView.xib in Resources */ = {isa = PBXBuildFile; fileRef = B087C7661E41E43600234715 /* PostAuthorView.xib */; };
		B087C76D1E41E4CD00234715 /* CommentCell.swift in Sources */ = {isa = PBXBuildFile; fileRef = B087C7691E41E4CD00234715 /* CommentCell.swift */; };
		B087C76E1E41E4CD00234715 /* CommentCell.xib in Resources */ = {isa = PBXBuildFile; fileRef = B087C76A1E41E4CD00234715 /* CommentCell.xib */; };
		B087C76F1E41E4CD00234715 /* CommentsView.swift in Sources */ = {isa = PBXBuildFile; fileRef = B087C76B1E41E4CD00234715 /* CommentsView.swift */; };
		B087C7701E41E4CD00234715 /* CommentsView.xib in Resources */ = {isa = PBXBuildFile; fileRef = B087C76C1E41E4CD00234715 /* CommentsView.xib */; };
		B087C7721E41E5EA00234715 /* StoryViewController.swift in Sources */ = {isa = PBXBuildFile; fileRef = B087C7711E41E5EA00234715 /* StoryViewController.swift */; };
		B087C77A1E41E6AE00234715 /* SendLocationHeaderView.swift in Sources */ = {isa = PBXBuildFile; fileRef = B087C7731E41E6AE00234715 /* SendLocationHeaderView.swift */; };
		B087C77B1E41E6AE00234715 /* SendLocationHeaderView.xib in Resources */ = {isa = PBXBuildFile; fileRef = B087C7741E41E6AE00234715 /* SendLocationHeaderView.xib */; };
		B087C77C1E41E6AE00234715 /* SendLocationViewCell.swift in Sources */ = {isa = PBXBuildFile; fileRef = B087C7751E41E6AE00234715 /* SendLocationViewCell.swift */; };
		B087C77D1E41E6AE00234715 /* SendLocationViewCell.xib in Resources */ = {isa = PBXBuildFile; fileRef = B087C7761E41E6AE00234715 /* SendLocationViewCell.xib */; };
		B087C77E1E41E6AE00234715 /* SendProfileViewCell.swift in Sources */ = {isa = PBXBuildFile; fileRef = B087C7771E41E6AE00234715 /* SendProfileViewCell.swift */; };
		B087C77F1E41E6AE00234715 /* SendProfileViewCell.xib in Resources */ = {isa = PBXBuildFile; fileRef = B087C7781E41E6AE00234715 /* SendProfileViewCell.xib */; };
		B087C7801E41E6AE00234715 /* SendTableViewController.swift in Sources */ = {isa = PBXBuildFile; fileRef = B087C7791E41E6AE00234715 /* SendTableViewController.swift */; };
		B087C7851E41EE8600234715 /* ListHeaderView.swift in Sources */ = {isa = PBXBuildFile; fileRef = B087C7831E41EE8600234715 /* ListHeaderView.swift */; };
		B087C7861E41EE8600234715 /* ListHeaderView.xib in Resources */ = {isa = PBXBuildFile; fileRef = B087C7841E41EE8600234715 /* ListHeaderView.xib */; };
		B087C7891E41F82200234715 /* ProgressIndicator.swift in Sources */ = {isa = PBXBuildFile; fileRef = B087C7871E41F82200234715 /* ProgressIndicator.swift */; };
		B087C78A1E41F82200234715 /* StoryProgressIndicator.swift in Sources */ = {isa = PBXBuildFile; fileRef = B087C7881E41F82200234715 /* StoryProgressIndicator.swift */; };
		B09405CB1E44B18400CE0068 /* MapViewController.swift in Sources */ = {isa = PBXBuildFile; fileRef = B09405CA1E44B18400CE0068 /* MapViewController.swift */; };
		B09405CD1E44B19900CE0068 /* WebViewController.swift in Sources */ = {isa = PBXBuildFile; fileRef = B09405CC1E44B19900CE0068 /* WebViewController.swift */; };
		B09405CF1E44CF9E00CE0068 /* GalleryViewController.swift in Sources */ = {isa = PBXBuildFile; fileRef = B09405CE1E44CF9E00CE0068 /* GalleryViewController.swift */; };
		B09405D11E44D04400CE0068 /* PostViewController.swift in Sources */ = {isa = PBXBuildFile; fileRef = B09405D01E44D04400CE0068 /* PostViewController.swift */; };
		B09405D61E460BF100CE0068 /* GoogleService-Info.plist in Resources */ = {isa = PBXBuildFile; fileRef = B09405D51E460BF100CE0068 /* GoogleService-Info.plist */; };
		B09405DF1E4834FB00CE0068 /* WDCropBorderView.swift in Sources */ = {isa = PBXBuildFile; fileRef = B09405D91E4834F800CE0068 /* WDCropBorderView.swift */; };
		B09405E01E4834FB00CE0068 /* WDImageCropOverlayView.swift in Sources */ = {isa = PBXBuildFile; fileRef = B09405DA1E4834F800CE0068 /* WDImageCropOverlayView.swift */; };
		B09405E11E4834FB00CE0068 /* WDImageCropView.swift in Sources */ = {isa = PBXBuildFile; fileRef = B09405DB1E4834F800CE0068 /* WDImageCropView.swift */; };
		B09405E21E4834FB00CE0068 /* WDImageCropViewController.swift in Sources */ = {isa = PBXBuildFile; fileRef = B09405DC1E4834F800CE0068 /* WDImageCropViewController.swift */; };
		B09405E31E4834FB00CE0068 /* WDImagePicker.swift in Sources */ = {isa = PBXBuildFile; fileRef = B09405DD1E4834F800CE0068 /* WDImagePicker.swift */; };
		B09405E41E4834FB00CE0068 /* WDResizableCropOverlayView.swift in Sources */ = {isa = PBXBuildFile; fileRef = B09405DE1E4834F800CE0068 /* WDResizableCropOverlayView.swift */; };
		B09405EA1E4A7C3F00CE0068 /* StoryInfoView.xib in Resources */ = {isa = PBXBuildFile; fileRef = B09405E91E4A7C3F00CE0068 /* StoryInfoView.xib */; };
		B09405EC1E4A7C4F00CE0068 /* StoryInfoView.swift in Sources */ = {isa = PBXBuildFile; fileRef = B09405EB1E4A7C4F00CE0068 /* StoryInfoView.swift */; };
		B09405EE1E4C570D00CE0068 /* CommentBar.xib in Resources */ = {isa = PBXBuildFile; fileRef = B09405ED1E4C570C00CE0068 /* CommentBar.xib */; };
		B09405F01E4C57AC00CE0068 /* CommentBar.swift in Sources */ = {isa = PBXBuildFile; fileRef = B09405EF1E4C57AC00CE0068 /* CommentBar.swift */; };
		B09405F31E4EE14200CE0068 /* TacoDialogView.swift in Sources */ = {isa = PBXBuildFile; fileRef = B09405F11E4EE14200CE0068 /* TacoDialogView.swift */; };
		B09405F41E4EE14200CE0068 /* TacoDialogView.xib in Resources */ = {isa = PBXBuildFile; fileRef = B09405F21E4EE14200CE0068 /* TacoDialogView.xib */; };
		B0B0430E1E40A83500D50DA7 /* UserStoryTableViewCell.swift in Sources */ = {isa = PBXBuildFile; fileRef = B0B0430C1E40A83500D50DA7 /* UserStoryTableViewCell.swift */; };
		B0B0430F1E40A83500D50DA7 /* UserStoryTableViewCell.xib in Resources */ = {isa = PBXBuildFile; fileRef = B0B0430D1E40A83500D50DA7 /* UserStoryTableViewCell.xib */; };
		B0B043111E40AED300D50DA7 /* LocationFooterView.swift in Sources */ = {isa = PBXBuildFile; fileRef = B0B043101E40AED300D50DA7 /* LocationFooterView.swift */; };
		B0B043131E40AEDE00D50DA7 /* LocationFooterView.xib in Resources */ = {isa = PBXBuildFile; fileRef = B0B043121E40AEDE00D50DA7 /* LocationFooterView.xib */; };
		B0B043221E40BB0100D50DA7 /* StoriesViewController.swift in Sources */ = {isa = PBXBuildFile; fileRef = B0B043211E40BB0100D50DA7 /* StoriesViewController.swift */; };
		B0B043241E40BE0000D50DA7 /* UploadService.swift in Sources */ = {isa = PBXBuildFile; fileRef = B0B043231E40BE0000D50DA7 /* UploadService.swift */; };
		B0B043261E40C60300D50DA7 /* MasterNavigationController.swift in Sources */ = {isa = PBXBuildFile; fileRef = B0B043251E40C60300D50DA7 /* MasterNavigationController.swift */; };
		B0B043291E40CF4D00D50DA7 /* MessagesTableViewController.swift in Sources */ = {isa = PBXBuildFile; fileRef = B0B043281E40CF4D00D50DA7 /* MessagesTableViewController.swift */; };
		B0B0432B1E40CFC000D50DA7 /* Conversation.swift in Sources */ = {isa = PBXBuildFile; fileRef = B0B0432A1E40CFC000D50DA7 /* Conversation.swift */; };
		B0B0432D1E40D08700D50DA7 /* ConversationsReducer.swift in Sources */ = {isa = PBXBuildFile; fileRef = B0B0432C1E40D08700D50DA7 /* ConversationsReducer.swift */; };
		B0B0432F1E40D36700D50DA7 /* ConversationViewCell.swift in Sources */ = {isa = PBXBuildFile; fileRef = B0B0432E1E40D36700D50DA7 /* ConversationViewCell.swift */; };
		B0B043311E40DB0E00D50DA7 /* ChatViewController.swift in Sources */ = {isa = PBXBuildFile; fileRef = B0B043301E40DB0E00D50DA7 /* ChatViewController.swift */; };
		B0B043341E41599100D50DA7 /* CameraViewController.swift in Sources */ = {isa = PBXBuildFile; fileRef = B0B043331E41599100D50DA7 /* CameraViewController.swift */; };
		B0B043361E4159B800D50DA7 /* CameraTransition.swift in Sources */ = {isa = PBXBuildFile; fileRef = B0B043351E4159B800D50DA7 /* CameraTransition.swift */; };
		B0BD94911E53A3F500C45BE3 /* LocationStoriesHeader.xib in Resources */ = {isa = PBXBuildFile; fileRef = B0BD94901E53A3F500C45BE3 /* LocationStoriesHeader.xib */; };
		B0BD94931E5496DE00C45BE3 /* NotificationService.swift in Sources */ = {isa = PBXBuildFile; fileRef = B0BD94921E5496DE00C45BE3 /* NotificationService.swift */; };
		B0CC44E01E4316720078FFFE /* UsersListViewController.swift in Sources */ = {isa = PBXBuildFile; fileRef = B0CC44DF1E4316720078FFFE /* UsersListViewController.swift */; };
		B0CC44E31E4318440078FFFE /* UserViewCell.swift in Sources */ = {isa = PBXBuildFile; fileRef = B0CC44E11E4318440078FFFE /* UserViewCell.swift */; };
		B0CC44E41E4318440078FFFE /* UserViewCell.xib in Resources */ = {isa = PBXBuildFile; fileRef = B0CC44E21E4318440078FFFE /* UserViewCell.xib */; };
		B0CC44E71E431D260078FFFE /* ActivityViewController.swift in Sources */ = {isa = PBXBuildFile; fileRef = B0CC44E61E431D260078FFFE /* ActivityViewController.swift */; };
		B0D0DC411E43057400381AEE /* EditProfilePictureView.swift in Sources */ = {isa = PBXBuildFile; fileRef = B0D0DC3D1E43057200381AEE /* EditProfilePictureView.swift */; };
		B0D0DC421E43057400381AEE /* EditProfilePictureView.xib in Resources */ = {isa = PBXBuildFile; fileRef = B0D0DC3E1E43057200381AEE /* EditProfilePictureView.xib */; };
		B0D0DC431E43057400381AEE /* EditProfileViewController.storyboard in Resources */ = {isa = PBXBuildFile; fileRef = B0D0DC3F1E43057200381AEE /* EditProfileViewController.storyboard */; };
		B0D0DC441E43057400381AEE /* EditProfileViewController.swift in Sources */ = {isa = PBXBuildFile; fileRef = B0D0DC401E43057200381AEE /* EditProfileViewController.swift */; };
		B0D84F6F1E4046DD0043D28C /* AppDelegate.swift in Sources */ = {isa = PBXBuildFile; fileRef = B0D84F6E1E4046DD0043D28C /* AppDelegate.swift */; };
		B0D84F711E4046DD0043D28C /* LoginViewController.swift in Sources */ = {isa = PBXBuildFile; fileRef = B0D84F701E4046DD0043D28C /* LoginViewController.swift */; };
		B0D84F741E4046DD0043D28C /* Main.storyboard in Resources */ = {isa = PBXBuildFile; fileRef = B0D84F721E4046DD0043D28C /* Main.storyboard */; };
		B0D84F761E4046DD0043D28C /* Assets.xcassets in Resources */ = {isa = PBXBuildFile; fileRef = B0D84F751E4046DD0043D28C /* Assets.xcassets */; };
		B0D84F791E4046DD0043D28C /* LaunchScreen.storyboard in Resources */ = {isa = PBXBuildFile; fileRef = B0D84F771E4046DD0043D28C /* LaunchScreen.storyboard */; };
		B0E59DD51E404C63007B4762 /* Bolts.framework in Frameworks */ = {isa = PBXBuildFile; fileRef = B0E59DD11E404C63007B4762 /* Bolts.framework */; };
		B0E59DD61E404C63007B4762 /* FBSDKCoreKit.framework in Frameworks */ = {isa = PBXBuildFile; fileRef = B0E59DD21E404C63007B4762 /* FBSDKCoreKit.framework */; };
		B0E59DD71E404C63007B4762 /* FBSDKLoginKit.framework in Frameworks */ = {isa = PBXBuildFile; fileRef = B0E59DD31E404C63007B4762 /* FBSDKLoginKit.framework */; };
		B0E59DD81E404C63007B4762 /* FBSDKShareKit.framework in Frameworks */ = {isa = PBXBuildFile; fileRef = B0E59DD41E404C63007B4762 /* FBSDKShareKit.framework */; };
		B0E59DDB1E405052007B4762 /* AppState.swift in Sources */ = {isa = PBXBuildFile; fileRef = B0E59DDA1E405052007B4762 /* AppState.swift */; };
		B0E59DDD1E405084007B4762 /* Tree.swift in Sources */ = {isa = PBXBuildFile; fileRef = B0E59DDC1E405084007B4762 /* Tree.swift */; };
		B0E59DE21E4050B5007B4762 /* Location.swift in Sources */ = {isa = PBXBuildFile; fileRef = B0E59DDE1E4050B5007B4762 /* Location.swift */; };
		B0E59DE31E4050B5007B4762 /* Story.swift in Sources */ = {isa = PBXBuildFile; fileRef = B0E59DDF1E4050B5007B4762 /* Story.swift */; };
		B0E59DE41E4050B5007B4762 /* StoryItem.swift in Sources */ = {isa = PBXBuildFile; fileRef = B0E59DE01E4050B5007B4762 /* StoryItem.swift */; };
		B0E59DE51E4050B5007B4762 /* User.swift in Sources */ = {isa = PBXBuildFile; fileRef = B0E59DE11E4050B5007B4762 /* User.swift */; };
		B0E59DE91E40551B007B4762 /* UserService.swift in Sources */ = {isa = PBXBuildFile; fileRef = B0E59DE81E40551B007B4762 /* UserService.swift */; };
		B0E59DEE1E406575007B4762 /* HomeViewController.swift in Sources */ = {isa = PBXBuildFile; fileRef = B0E59DED1E406575007B4762 /* HomeViewController.swift */; };
		B0E59DF01E406662007B4762 /* Listeners.swift in Sources */ = {isa = PBXBuildFile; fileRef = B0E59DEF1E406662007B4762 /* Listeners.swift */; };
		B0E59DF31E406678007B4762 /* GPSService.swift in Sources */ = {isa = PBXBuildFile; fileRef = B0E59DF21E406678007B4762 /* GPSService.swift */; };
		B0E59DF51E4066EC007B4762 /* MasterTabBarController.swift in Sources */ = {isa = PBXBuildFile; fileRef = B0E59DF41E4066EC007B4762 /* MasterTabBarController.swift */; };
		B0E59DF71E406D50007B4762 /* LocationService.swift in Sources */ = {isa = PBXBuildFile; fileRef = B0E59DF61E406D50007B4762 /* LocationService.swift */; };
		B0E59DFC1E40765D007B4762 /* LocationTableCell.swift in Sources */ = {isa = PBXBuildFile; fileRef = B0E59DFA1E40765D007B4762 /* LocationTableCell.swift */; };
		B0E59DFD1E40765D007B4762 /* LocationTableCell.xib in Resources */ = {isa = PBXBuildFile; fileRef = B0E59DFB1E40765D007B4762 /* LocationTableCell.xib */; };
		B0E59DFF1E4078BA007B4762 /* Utilities.swift in Sources */ = {isa = PBXBuildFile; fileRef = B0E59DFE1E4078BA007B4762 /* Utilities.swift */; };
		B0E59E021E4091D1007B4762 /* LocationViewController.swift in Sources */ = {isa = PBXBuildFile; fileRef = B0E59E011E4091D1007B4762 /* LocationViewController.swift */; };
		B0E59E051E409444007B4762 /* InfoTableViewCell.swift in Sources */ = {isa = PBXBuildFile; fileRef = B0E59E031E409444007B4762 /* InfoTableViewCell.swift */; };
		B0E59E061E409444007B4762 /* InfoTableViewCell.xib in Resources */ = {isa = PBXBuildFile; fileRef = B0E59E041E409444007B4762 /* InfoTableViewCell.xib */; };
		B0E59E081E409B65007B4762 /* Extensions.swift in Sources */ = {isa = PBXBuildFile; fileRef = B0E59E071E409B65007B4762 /* Extensions.swift */; };
		E45E96E76A6113E9C94E93DE /* Pods_Lit.framework in Frameworks */ = {isa = PBXBuildFile; fileRef = F15EBCFCDC66151EE141B11C /* Pods_Lit.framework */; };
/* End PBXBuildFile section */

/* Begin PBXFileReference section */
		82D051C960EAD77D39AD3FF9 /* Pods-Lit.release.xcconfig */ = {isa = PBXFileReference; includeInIndex = 1; lastKnownFileType = text.xcconfig; name = "Pods-Lit.release.xcconfig"; path = "Pods/Target Support Files/Pods-Lit/Pods-Lit.release.xcconfig"; sourceTree = "<group>"; };
		B01EE52E1E435CA00049BCBF /* CreateProfileViewController.swift */ = {isa = PBXFileReference; fileEncoding = 4; lastKnownFileType = sourcecode.swift; path = CreateProfileViewController.swift; sourceTree = "<group>"; };
		B01EE5341E435D450049BCBF /* AkiraTextField.swift */ = {isa = PBXFileReference; fileEncoding = 4; lastKnownFileType = sourcecode.swift; path = AkiraTextField.swift; sourceTree = "<group>"; };
		B01EE5351E435D450049BCBF /* HoshiTextField.swift */ = {isa = PBXFileReference; fileEncoding = 4; lastKnownFileType = sourcecode.swift; path = HoshiTextField.swift; sourceTree = "<group>"; };
		B01EE5361E435D450049BCBF /* Info.plist */ = {isa = PBXFileReference; fileEncoding = 4; lastKnownFileType = text.plist.xml; path = Info.plist; sourceTree = "<group>"; };
		B01EE5371E435D450049BCBF /* IsaoTextField.swift */ = {isa = PBXFileReference; fileEncoding = 4; lastKnownFileType = sourcecode.swift; path = IsaoTextField.swift; sourceTree = "<group>"; };
		B01EE5381E435D450049BCBF /* JiroTextField.swift */ = {isa = PBXFileReference; fileEncoding = 4; lastKnownFileType = sourcecode.swift; path = JiroTextField.swift; sourceTree = "<group>"; };
		B01EE5391E435D450049BCBF /* KaedeTextField.swift */ = {isa = PBXFileReference; fileEncoding = 4; lastKnownFileType = sourcecode.swift; path = KaedeTextField.swift; sourceTree = "<group>"; };
		B01EE53A1E435D450049BCBF /* MadokaTextField.swift */ = {isa = PBXFileReference; fileEncoding = 4; lastKnownFileType = sourcecode.swift; path = MadokaTextField.swift; sourceTree = "<group>"; };
		B01EE53B1E435D450049BCBF /* MinoruTextField.swift */ = {isa = PBXFileReference; fileEncoding = 4; lastKnownFileType = sourcecode.swift; path = MinoruTextField.swift; sourceTree = "<group>"; };
		B01EE53C1E435D450049BCBF /* TextFieldEffects.h */ = {isa = PBXFileReference; fileEncoding = 4; lastKnownFileType = sourcecode.c.h; path = TextFieldEffects.h; sourceTree = "<group>"; };
		B01EE53D1E435D450049BCBF /* TextFieldsEffects.swift */ = {isa = PBXFileReference; fileEncoding = 4; lastKnownFileType = sourcecode.swift; path = TextFieldsEffects.swift; sourceTree = "<group>"; };
		B01EE53E1E435D450049BCBF /* YokoTextField.swift */ = {isa = PBXFileReference; fileEncoding = 4; lastKnownFileType = sourcecode.swift; path = YokoTextField.swift; sourceTree = "<group>"; };
		B01EE53F1E435D450049BCBF /* YoshikoTextField.swift */ = {isa = PBXFileReference; fileEncoding = 4; lastKnownFileType = sourcecode.swift; path = YoshikoTextField.swift; sourceTree = "<group>"; };
		B02761841E5E8B9500668C87 /* MKGradientGenerator.swift */ = {isa = PBXFileReference; fileEncoding = 4; lastKnownFileType = sourcecode.swift; path = MKGradientGenerator.swift; sourceTree = "<group>"; };
		B02761851E5E8B9500668C87 /* MKGradientView.swift */ = {isa = PBXFileReference; fileEncoding = 4; lastKnownFileType = sourcecode.swift; path = MKGradientView.swift; sourceTree = "<group>"; };
		B0383C201E4322E2002FD893 /* SettingsViewController.swift */ = {isa = PBXFileReference; fileEncoding = 4; lastKnownFileType = sourcecode.swift; path = SettingsViewController.swift; sourceTree = "<group>"; };
		B0383C221E43256B002FD893 /* FacebookGraph.swift */ = {isa = PBXFileReference; fileEncoding = 4; lastKnownFileType = sourcecode.swift; path = FacebookGraph.swift; sourceTree = "<group>"; };
		B0383C241E43515C002FD893 /* UserSearchViewController.storyboard */ = {isa = PBXFileReference; fileEncoding = 4; lastKnownFileType = file.storyboard; path = UserSearchViewController.storyboard; sourceTree = "<group>"; };
		B0383C251E43515C002FD893 /* UserSearchViewController.swift */ = {isa = PBXFileReference; fileEncoding = 4; lastKnownFileType = sourcecode.swift; path = UserSearchViewController.swift; sourceTree = "<group>"; };
		B059015B1E628496005BD519 /* LocationHeaderView.xib */ = {isa = PBXFileReference; fileEncoding = 4; lastKnownFileType = file.xib; path = LocationHeaderView.xib; sourceTree = "<group>"; };
		B059015D1E6284F7005BD519 /* LocationHeaderView.swift */ = {isa = PBXFileReference; fileEncoding = 4; lastKnownFileType = sourcecode.swift; path = LocationHeaderView.swift; sourceTree = "<group>"; };
		B0828FF21E64AA6E00F3EE2C /* mapStyle.json */ = {isa = PBXFileReference; fileEncoding = 4; lastKnownFileType = text.json; path = mapStyle.json; sourceTree = "<group>"; };
		B087C7501E4163AA00234715 /* CameraButton.swift */ = {isa = PBXFileReference; fileEncoding = 4; lastKnownFileType = sourcecode.swift; path = CameraButton.swift; sourceTree = "<group>"; };
		B087C7521E41646E00234715 /* KDCircularProgress.swift */ = {isa = PBXFileReference; fileEncoding = 4; lastKnownFileType = sourcecode.swift; path = KDCircularProgress.swift; sourceTree = "<group>"; };
		B087C7551E41C10A00234715 /* UserProfileViewController.swift */ = {isa = PBXFileReference; fileEncoding = 4; lastKnownFileType = sourcecode.swift; path = UserProfileViewController.swift; sourceTree = "<group>"; };
		B087C7571E41C16600234715 /* PhotoCell.swift */ = {isa = PBXFileReference; fileEncoding = 4; lastKnownFileType = sourcecode.swift; path = PhotoCell.swift; sourceTree = "<group>"; };
		B087C7581E41C16600234715 /* PhotoCell.xib */ = {isa = PBXFileReference; fileEncoding = 4; lastKnownFileType = file.xib; path = PhotoCell.xib; sourceTree = "<group>"; };
		B087C75B1E41C27100234715 /* ProfileHeaderView.swift */ = {isa = PBXFileReference; fileEncoding = 4; lastKnownFileType = sourcecode.swift; path = ProfileHeaderView.swift; sourceTree = "<group>"; };
		B087C75C1E41C27100234715 /* ProfileHeaderView.xib */ = {isa = PBXFileReference; fileEncoding = 4; lastKnownFileType = file.xib; path = ProfileHeaderView.xib; sourceTree = "<group>"; };
		B087C75F1E41C52E00234715 /* SocialReducer.swift */ = {isa = PBXFileReference; fileEncoding = 4; lastKnownFileType = sourcecode.swift; path = SocialReducer.swift; sourceTree = "<group>"; };
		B087C7611E41C5D900234715 /* UserReducer.swift */ = {isa = PBXFileReference; fileEncoding = 4; lastKnownFileType = sourcecode.swift; path = UserReducer.swift; sourceTree = "<group>"; };
		B087C7631E41C61600234715 /* LocationsReducer.swift */ = {isa = PBXFileReference; fileEncoding = 4; lastKnownFileType = sourcecode.swift; path = LocationsReducer.swift; sourceTree = "<group>"; };
		B087C7651E41E43600234715 /* PostAuthorView.swift */ = {isa = PBXFileReference; fileEncoding = 4; lastKnownFileType = sourcecode.swift; path = PostAuthorView.swift; sourceTree = "<group>"; };
		B087C7661E41E43600234715 /* PostAuthorView.xib */ = {isa = PBXFileReference; fileEncoding = 4; lastKnownFileType = file.xib; path = PostAuthorView.xib; sourceTree = "<group>"; };
		B087C7691E41E4CD00234715 /* CommentCell.swift */ = {isa = PBXFileReference; fileEncoding = 4; lastKnownFileType = sourcecode.swift; path = CommentCell.swift; sourceTree = "<group>"; };
		B087C76A1E41E4CD00234715 /* CommentCell.xib */ = {isa = PBXFileReference; fileEncoding = 4; lastKnownFileType = file.xib; path = CommentCell.xib; sourceTree = "<group>"; };
		B087C76B1E41E4CD00234715 /* CommentsView.swift */ = {isa = PBXFileReference; fileEncoding = 4; lastKnownFileType = sourcecode.swift; path = CommentsView.swift; sourceTree = "<group>"; };
		B087C76C1E41E4CD00234715 /* CommentsView.xib */ = {isa = PBXFileReference; fileEncoding = 4; lastKnownFileType = file.xib; path = CommentsView.xib; sourceTree = "<group>"; };
		B087C7711E41E5EA00234715 /* StoryViewController.swift */ = {isa = PBXFileReference; fileEncoding = 4; lastKnownFileType = sourcecode.swift; path = StoryViewController.swift; sourceTree = "<group>"; };
		B087C7731E41E6AE00234715 /* SendLocationHeaderView.swift */ = {isa = PBXFileReference; fileEncoding = 4; lastKnownFileType = sourcecode.swift; path = SendLocationHeaderView.swift; sourceTree = "<group>"; };
		B087C7741E41E6AE00234715 /* SendLocationHeaderView.xib */ = {isa = PBXFileReference; fileEncoding = 4; lastKnownFileType = file.xib; path = SendLocationHeaderView.xib; sourceTree = "<group>"; };
		B087C7751E41E6AE00234715 /* SendLocationViewCell.swift */ = {isa = PBXFileReference; fileEncoding = 4; lastKnownFileType = sourcecode.swift; path = SendLocationViewCell.swift; sourceTree = "<group>"; };
		B087C7761E41E6AE00234715 /* SendLocationViewCell.xib */ = {isa = PBXFileReference; fileEncoding = 4; lastKnownFileType = file.xib; path = SendLocationViewCell.xib; sourceTree = "<group>"; };
		B087C7771E41E6AE00234715 /* SendProfileViewCell.swift */ = {isa = PBXFileReference; fileEncoding = 4; lastKnownFileType = sourcecode.swift; path = SendProfileViewCell.swift; sourceTree = "<group>"; };
		B087C7781E41E6AE00234715 /* SendProfileViewCell.xib */ = {isa = PBXFileReference; fileEncoding = 4; lastKnownFileType = file.xib; path = SendProfileViewCell.xib; sourceTree = "<group>"; };
		B087C7791E41E6AE00234715 /* SendTableViewController.swift */ = {isa = PBXFileReference; fileEncoding = 4; lastKnownFileType = sourcecode.swift; path = SendTableViewController.swift; sourceTree = "<group>"; };
		B087C7831E41EE8600234715 /* ListHeaderView.swift */ = {isa = PBXFileReference; fileEncoding = 4; lastKnownFileType = sourcecode.swift; path = ListHeaderView.swift; sourceTree = "<group>"; };
		B087C7841E41EE8600234715 /* ListHeaderView.xib */ = {isa = PBXFileReference; fileEncoding = 4; lastKnownFileType = file.xib; path = ListHeaderView.xib; sourceTree = "<group>"; };
		B087C7871E41F82200234715 /* ProgressIndicator.swift */ = {isa = PBXFileReference; fileEncoding = 4; lastKnownFileType = sourcecode.swift; path = ProgressIndicator.swift; sourceTree = "<group>"; };
		B087C7881E41F82200234715 /* StoryProgressIndicator.swift */ = {isa = PBXFileReference; fileEncoding = 4; lastKnownFileType = sourcecode.swift; path = StoryProgressIndicator.swift; sourceTree = "<group>"; };
		B09405CA1E44B18400CE0068 /* MapViewController.swift */ = {isa = PBXFileReference; fileEncoding = 4; lastKnownFileType = sourcecode.swift; path = MapViewController.swift; sourceTree = "<group>"; };
		B09405CC1E44B19900CE0068 /* WebViewController.swift */ = {isa = PBXFileReference; fileEncoding = 4; lastKnownFileType = sourcecode.swift; path = WebViewController.swift; sourceTree = "<group>"; };
		B09405CE1E44CF9E00CE0068 /* GalleryViewController.swift */ = {isa = PBXFileReference; fileEncoding = 4; lastKnownFileType = sourcecode.swift; path = GalleryViewController.swift; sourceTree = "<group>"; };
		B09405D01E44D04400CE0068 /* PostViewController.swift */ = {isa = PBXFileReference; fileEncoding = 4; lastKnownFileType = sourcecode.swift; path = PostViewController.swift; sourceTree = "<group>"; };
		B09405D51E460BF100CE0068 /* GoogleService-Info.plist */ = {isa = PBXFileReference; fileEncoding = 4; lastKnownFileType = text.plist.xml; path = "GoogleService-Info.plist"; sourceTree = "<group>"; };
		B09405D71E46131100CE0068 /* Lit.entitlements */ = {isa = PBXFileReference; lastKnownFileType = text.plist.entitlements; path = Lit.entitlements; sourceTree = "<group>"; };
		B09405D91E4834F800CE0068 /* WDCropBorderView.swift */ = {isa = PBXFileReference; fileEncoding = 4; lastKnownFileType = sourcecode.swift; path = WDCropBorderView.swift; sourceTree = "<group>"; };
		B09405DA1E4834F800CE0068 /* WDImageCropOverlayView.swift */ = {isa = PBXFileReference; fileEncoding = 4; lastKnownFileType = sourcecode.swift; path = WDImageCropOverlayView.swift; sourceTree = "<group>"; };
		B09405DB1E4834F800CE0068 /* WDImageCropView.swift */ = {isa = PBXFileReference; fileEncoding = 4; lastKnownFileType = sourcecode.swift; path = WDImageCropView.swift; sourceTree = "<group>"; };
		B09405DC1E4834F800CE0068 /* WDImageCropViewController.swift */ = {isa = PBXFileReference; fileEncoding = 4; lastKnownFileType = sourcecode.swift; path = WDImageCropViewController.swift; sourceTree = "<group>"; };
		B09405DD1E4834F800CE0068 /* WDImagePicker.swift */ = {isa = PBXFileReference; fileEncoding = 4; lastKnownFileType = sourcecode.swift; path = WDImagePicker.swift; sourceTree = "<group>"; };
		B09405DE1E4834F800CE0068 /* WDResizableCropOverlayView.swift */ = {isa = PBXFileReference; fileEncoding = 4; lastKnownFileType = sourcecode.swift; path = WDResizableCropOverlayView.swift; sourceTree = "<group>"; };
		B09405E91E4A7C3F00CE0068 /* StoryInfoView.xib */ = {isa = PBXFileReference; fileEncoding = 4; lastKnownFileType = file.xib; path = StoryInfoView.xib; sourceTree = "<group>"; };
		B09405EB1E4A7C4F00CE0068 /* StoryInfoView.swift */ = {isa = PBXFileReference; fileEncoding = 4; lastKnownFileType = sourcecode.swift; path = StoryInfoView.swift; sourceTree = "<group>"; };
		B09405ED1E4C570C00CE0068 /* CommentBar.xib */ = {isa = PBXFileReference; fileEncoding = 4; lastKnownFileType = file.xib; path = CommentBar.xib; sourceTree = "<group>"; };
		B09405EF1E4C57AC00CE0068 /* CommentBar.swift */ = {isa = PBXFileReference; fileEncoding = 4; lastKnownFileType = sourcecode.swift; path = CommentBar.swift; sourceTree = "<group>"; };
		B09405F11E4EE14200CE0068 /* TacoDialogView.swift */ = {isa = PBXFileReference; fileEncoding = 4; lastKnownFileType = sourcecode.swift; path = TacoDialogView.swift; sourceTree = "<group>"; };
		B09405F21E4EE14200CE0068 /* TacoDialogView.xib */ = {isa = PBXFileReference; fileEncoding = 4; lastKnownFileType = file.xib; path = TacoDialogView.xib; sourceTree = "<group>"; };
		B0B0430C1E40A83500D50DA7 /* UserStoryTableViewCell.swift */ = {isa = PBXFileReference; fileEncoding = 4; lastKnownFileType = sourcecode.swift; path = UserStoryTableViewCell.swift; sourceTree = "<group>"; };
		B0B0430D1E40A83500D50DA7 /* UserStoryTableViewCell.xib */ = {isa = PBXFileReference; fileEncoding = 4; lastKnownFileType = file.xib; path = UserStoryTableViewCell.xib; sourceTree = "<group>"; };
		B0B043101E40AED300D50DA7 /* LocationFooterView.swift */ = {isa = PBXFileReference; fileEncoding = 4; lastKnownFileType = sourcecode.swift; path = LocationFooterView.swift; sourceTree = "<group>"; };
		B0B043121E40AEDE00D50DA7 /* LocationFooterView.xib */ = {isa = PBXFileReference; fileEncoding = 4; lastKnownFileType = file.xib; path = LocationFooterView.xib; sourceTree = "<group>"; };
		B0B043211E40BB0100D50DA7 /* StoriesViewController.swift */ = {isa = PBXFileReference; fileEncoding = 4; lastKnownFileType = sourcecode.swift; path = StoriesViewController.swift; sourceTree = "<group>"; };
		B0B043231E40BE0000D50DA7 /* UploadService.swift */ = {isa = PBXFileReference; fileEncoding = 4; lastKnownFileType = sourcecode.swift; path = UploadService.swift; sourceTree = "<group>"; };
		B0B043251E40C60300D50DA7 /* MasterNavigationController.swift */ = {isa = PBXFileReference; fileEncoding = 4; lastKnownFileType = sourcecode.swift; path = MasterNavigationController.swift; sourceTree = "<group>"; };
		B0B043281E40CF4D00D50DA7 /* MessagesTableViewController.swift */ = {isa = PBXFileReference; fileEncoding = 4; lastKnownFileType = sourcecode.swift; path = MessagesTableViewController.swift; sourceTree = "<group>"; };
		B0B0432A1E40CFC000D50DA7 /* Conversation.swift */ = {isa = PBXFileReference; fileEncoding = 4; lastKnownFileType = sourcecode.swift; path = Conversation.swift; sourceTree = "<group>"; };
		B0B0432C1E40D08700D50DA7 /* ConversationsReducer.swift */ = {isa = PBXFileReference; fileEncoding = 4; lastKnownFileType = sourcecode.swift; path = ConversationsReducer.swift; sourceTree = "<group>"; };
		B0B0432E1E40D36700D50DA7 /* ConversationViewCell.swift */ = {isa = PBXFileReference; fileEncoding = 4; lastKnownFileType = sourcecode.swift; path = ConversationViewCell.swift; sourceTree = "<group>"; };
		B0B043301E40DB0E00D50DA7 /* ChatViewController.swift */ = {isa = PBXFileReference; fileEncoding = 4; lastKnownFileType = sourcecode.swift; path = ChatViewController.swift; sourceTree = "<group>"; };
		B0B043331E41599100D50DA7 /* CameraViewController.swift */ = {isa = PBXFileReference; fileEncoding = 4; lastKnownFileType = sourcecode.swift; path = CameraViewController.swift; sourceTree = "<group>"; };
		B0B043351E4159B800D50DA7 /* CameraTransition.swift */ = {isa = PBXFileReference; fileEncoding = 4; lastKnownFileType = sourcecode.swift; path = CameraTransition.swift; sourceTree = "<group>"; };
		B0BD94901E53A3F500C45BE3 /* LocationStoriesHeader.xib */ = {isa = PBXFileReference; fileEncoding = 4; lastKnownFileType = file.xib; path = LocationStoriesHeader.xib; sourceTree = "<group>"; };
		B0BD94921E5496DE00C45BE3 /* NotificationService.swift */ = {isa = PBXFileReference; fileEncoding = 4; lastKnownFileType = sourcecode.swift; path = NotificationService.swift; sourceTree = "<group>"; };
		B0CC44DF1E4316720078FFFE /* UsersListViewController.swift */ = {isa = PBXFileReference; fileEncoding = 4; lastKnownFileType = sourcecode.swift; path = UsersListViewController.swift; sourceTree = "<group>"; };
		B0CC44E11E4318440078FFFE /* UserViewCell.swift */ = {isa = PBXFileReference; fileEncoding = 4; lastKnownFileType = sourcecode.swift; path = UserViewCell.swift; sourceTree = "<group>"; };
		B0CC44E21E4318440078FFFE /* UserViewCell.xib */ = {isa = PBXFileReference; fileEncoding = 4; lastKnownFileType = file.xib; path = UserViewCell.xib; sourceTree = "<group>"; };
		B0CC44E61E431D260078FFFE /* ActivityViewController.swift */ = {isa = PBXFileReference; fileEncoding = 4; lastKnownFileType = sourcecode.swift; path = ActivityViewController.swift; sourceTree = "<group>"; };
		B0D0DC3D1E43057200381AEE /* EditProfilePictureView.swift */ = {isa = PBXFileReference; fileEncoding = 4; lastKnownFileType = sourcecode.swift; path = EditProfilePictureView.swift; sourceTree = "<group>"; };
		B0D0DC3E1E43057200381AEE /* EditProfilePictureView.xib */ = {isa = PBXFileReference; fileEncoding = 4; lastKnownFileType = file.xib; path = EditProfilePictureView.xib; sourceTree = "<group>"; };
		B0D0DC3F1E43057200381AEE /* EditProfileViewController.storyboard */ = {isa = PBXFileReference; fileEncoding = 4; lastKnownFileType = file.storyboard; path = EditProfileViewController.storyboard; sourceTree = "<group>"; };
		B0D0DC401E43057200381AEE /* EditProfileViewController.swift */ = {isa = PBXFileReference; fileEncoding = 4; lastKnownFileType = sourcecode.swift; path = EditProfileViewController.swift; sourceTree = "<group>"; };
		B0D84F6B1E4046DD0043D28C /* Lit.app */ = {isa = PBXFileReference; explicitFileType = wrapper.application; includeInIndex = 0; path = Lit.app; sourceTree = BUILT_PRODUCTS_DIR; };
		B0D84F6E1E4046DD0043D28C /* AppDelegate.swift */ = {isa = PBXFileReference; lastKnownFileType = sourcecode.swift; path = AppDelegate.swift; sourceTree = "<group>"; };
		B0D84F701E4046DD0043D28C /* LoginViewController.swift */ = {isa = PBXFileReference; lastKnownFileType = sourcecode.swift; path = LoginViewController.swift; sourceTree = "<group>"; };
		B0D84F731E4046DD0043D28C /* Base */ = {isa = PBXFileReference; lastKnownFileType = file.storyboard; name = Base; path = Base.lproj/Main.storyboard; sourceTree = "<group>"; };
		B0D84F751E4046DD0043D28C /* Assets.xcassets */ = {isa = PBXFileReference; lastKnownFileType = folder.assetcatalog; path = Assets.xcassets; sourceTree = "<group>"; };
		B0D84F781E4046DD0043D28C /* Base */ = {isa = PBXFileReference; lastKnownFileType = file.storyboard; name = Base; path = Base.lproj/LaunchScreen.storyboard; sourceTree = "<group>"; };
		B0D84F7A1E4046DD0043D28C /* Info.plist */ = {isa = PBXFileReference; lastKnownFileType = text.plist.xml; path = Info.plist; sourceTree = "<group>"; };
		B0E59DD11E404C63007B4762 /* Bolts.framework */ = {isa = PBXFileReference; lastKnownFileType = wrapper.framework; path = Bolts.framework; sourceTree = "<group>"; };
		B0E59DD21E404C63007B4762 /* FBSDKCoreKit.framework */ = {isa = PBXFileReference; lastKnownFileType = wrapper.framework; path = FBSDKCoreKit.framework; sourceTree = "<group>"; };
		B0E59DD31E404C63007B4762 /* FBSDKLoginKit.framework */ = {isa = PBXFileReference; lastKnownFileType = wrapper.framework; path = FBSDKLoginKit.framework; sourceTree = "<group>"; };
		B0E59DD41E404C63007B4762 /* FBSDKShareKit.framework */ = {isa = PBXFileReference; lastKnownFileType = wrapper.framework; path = FBSDKShareKit.framework; sourceTree = "<group>"; };
		B0E59DDA1E405052007B4762 /* AppState.swift */ = {isa = PBXFileReference; fileEncoding = 4; lastKnownFileType = sourcecode.swift; path = AppState.swift; sourceTree = "<group>"; };
		B0E59DDC1E405084007B4762 /* Tree.swift */ = {isa = PBXFileReference; fileEncoding = 4; lastKnownFileType = sourcecode.swift; path = Tree.swift; sourceTree = "<group>"; };
		B0E59DDE1E4050B5007B4762 /* Location.swift */ = {isa = PBXFileReference; fileEncoding = 4; lastKnownFileType = sourcecode.swift; path = Location.swift; sourceTree = "<group>"; };
		B0E59DDF1E4050B5007B4762 /* Story.swift */ = {isa = PBXFileReference; fileEncoding = 4; lastKnownFileType = sourcecode.swift; path = Story.swift; sourceTree = "<group>"; };
		B0E59DE01E4050B5007B4762 /* StoryItem.swift */ = {isa = PBXFileReference; fileEncoding = 4; lastKnownFileType = sourcecode.swift; path = StoryItem.swift; sourceTree = "<group>"; };
		B0E59DE11E4050B5007B4762 /* User.swift */ = {isa = PBXFileReference; fileEncoding = 4; lastKnownFileType = sourcecode.swift; path = User.swift; sourceTree = "<group>"; };
		B0E59DE81E40551B007B4762 /* UserService.swift */ = {isa = PBXFileReference; fileEncoding = 4; lastKnownFileType = sourcecode.swift; path = UserService.swift; sourceTree = "<group>"; };
		B0E59DED1E406575007B4762 /* HomeViewController.swift */ = {isa = PBXFileReference; fileEncoding = 4; lastKnownFileType = sourcecode.swift; path = HomeViewController.swift; sourceTree = "<group>"; };
		B0E59DEF1E406662007B4762 /* Listeners.swift */ = {isa = PBXFileReference; fileEncoding = 4; lastKnownFileType = sourcecode.swift; path = Listeners.swift; sourceTree = "<group>"; };
		B0E59DF21E406678007B4762 /* GPSService.swift */ = {isa = PBXFileReference; fileEncoding = 4; lastKnownFileType = sourcecode.swift; path = GPSService.swift; sourceTree = "<group>"; };
		B0E59DF41E4066EC007B4762 /* MasterTabBarController.swift */ = {isa = PBXFileReference; fileEncoding = 4; lastKnownFileType = sourcecode.swift; path = MasterTabBarController.swift; sourceTree = "<group>"; };
		B0E59DF61E406D50007B4762 /* LocationService.swift */ = {isa = PBXFileReference; fileEncoding = 4; lastKnownFileType = sourcecode.swift; path = LocationService.swift; sourceTree = "<group>"; };
		B0E59DFA1E40765D007B4762 /* LocationTableCell.swift */ = {isa = PBXFileReference; fileEncoding = 4; lastKnownFileType = sourcecode.swift; path = LocationTableCell.swift; sourceTree = "<group>"; };
		B0E59DFB1E40765D007B4762 /* LocationTableCell.xib */ = {isa = PBXFileReference; fileEncoding = 4; lastKnownFileType = file.xib; path = LocationTableCell.xib; sourceTree = "<group>"; };
		B0E59DFE1E4078BA007B4762 /* Utilities.swift */ = {isa = PBXFileReference; fileEncoding = 4; lastKnownFileType = sourcecode.swift; path = Utilities.swift; sourceTree = "<group>"; };
		B0E59E011E4091D1007B4762 /* LocationViewController.swift */ = {isa = PBXFileReference; fileEncoding = 4; lastKnownFileType = sourcecode.swift; path = LocationViewController.swift; sourceTree = "<group>"; };
		B0E59E031E409444007B4762 /* InfoTableViewCell.swift */ = {isa = PBXFileReference; fileEncoding = 4; lastKnownFileType = sourcecode.swift; path = InfoTableViewCell.swift; sourceTree = "<group>"; };
		B0E59E041E409444007B4762 /* InfoTableViewCell.xib */ = {isa = PBXFileReference; fileEncoding = 4; lastKnownFileType = file.xib; path = InfoTableViewCell.xib; sourceTree = "<group>"; };
		B0E59E071E409B65007B4762 /* Extensions.swift */ = {isa = PBXFileReference; fileEncoding = 4; lastKnownFileType = sourcecode.swift; path = Extensions.swift; sourceTree = "<group>"; };
		F15EBCFCDC66151EE141B11C /* Pods_Lit.framework */ = {isa = PBXFileReference; explicitFileType = wrapper.framework; includeInIndex = 0; path = Pods_Lit.framework; sourceTree = BUILT_PRODUCTS_DIR; };
		F2E7A42E988E95735BC9E6F1 /* Pods-Lit.debug.xcconfig */ = {isa = PBXFileReference; includeInIndex = 1; lastKnownFileType = text.xcconfig; name = "Pods-Lit.debug.xcconfig"; path = "Pods/Target Support Files/Pods-Lit/Pods-Lit.debug.xcconfig"; sourceTree = "<group>"; };
/* End PBXFileReference section */

/* Begin PBXFrameworksBuildPhase section */
		B0D84F681E4046DD0043D28C /* Frameworks */ = {
			isa = PBXFrameworksBuildPhase;
			buildActionMask = 2147483647;
			files = (
				E45E96E76A6113E9C94E93DE /* Pods_Lit.framework in Frameworks */,
				B0E59DD61E404C63007B4762 /* FBSDKCoreKit.framework in Frameworks */,
				B0E59DD81E404C63007B4762 /* FBSDKShareKit.framework in Frameworks */,
				B0E59DD71E404C63007B4762 /* FBSDKLoginKit.framework in Frameworks */,
				B0E59DD51E404C63007B4762 /* Bolts.framework in Frameworks */,
			);
			runOnlyForDeploymentPostprocessing = 0;
		};
/* End PBXFrameworksBuildPhase section */

/* Begin PBXGroup section */
		3E6CBEFBAABCDA65BA0F30BC /* Pods */ = {
			isa = PBXGroup;
			children = (
				F2E7A42E988E95735BC9E6F1 /* Pods-Lit.debug.xcconfig */,
				82D051C960EAD77D39AD3FF9 /* Pods-Lit.release.xcconfig */,
			);
			name = Pods;
			sourceTree = "<group>";
		};
		80C459F734B798EDCAEE32BD /* Frameworks */ = {
			isa = PBXGroup;
			children = (
				B0E59DD11E404C63007B4762 /* Bolts.framework */,
				B0E59DD21E404C63007B4762 /* FBSDKCoreKit.framework */,
				B0E59DD31E404C63007B4762 /* FBSDKLoginKit.framework */,
				B0E59DD41E404C63007B4762 /* FBSDKShareKit.framework */,
				F15EBCFCDC66151EE141B11C /* Pods_Lit.framework */,
			);
			name = Frameworks;
			sourceTree = "<group>";
		};
		B01EE5321E435CA40049BCBF /* Login */ = {
			isa = PBXGroup;
			children = (
				B0D84F701E4046DD0043D28C /* LoginViewController.swift */,
				B01EE52E1E435CA00049BCBF /* CreateProfileViewController.swift */,
			);
			name = Login;
			sourceTree = "<group>";
		};
		B01EE5331E435D450049BCBF /* TextFieldEffects */ = {
			isa = PBXGroup;
			children = (
				B01EE5341E435D450049BCBF /* AkiraTextField.swift */,
				B01EE5351E435D450049BCBF /* HoshiTextField.swift */,
				B01EE5361E435D450049BCBF /* Info.plist */,
				B01EE5371E435D450049BCBF /* IsaoTextField.swift */,
				B01EE5381E435D450049BCBF /* JiroTextField.swift */,
				B01EE5391E435D450049BCBF /* KaedeTextField.swift */,
				B01EE53A1E435D450049BCBF /* MadokaTextField.swift */,
				B01EE53B1E435D450049BCBF /* MinoruTextField.swift */,
				B01EE53C1E435D450049BCBF /* TextFieldEffects.h */,
				B01EE53D1E435D450049BCBF /* TextFieldsEffects.swift */,
				B01EE53E1E435D450049BCBF /* YokoTextField.swift */,
				B01EE53F1E435D450049BCBF /* YoshikoTextField.swift */,
			);
			path = TextFieldEffects;
			sourceTree = "<group>";
		};
		B087C7541E41C0F700234715 /* Profile */ = {
			isa = PBXGroup;
			children = (
				B0CC44DF1E4316720078FFFE /* UsersListViewController.swift */,
				B0CC44E11E4318440078FFFE /* UserViewCell.swift */,
				B0CC44E21E4318440078FFFE /* UserViewCell.xib */,
				B087C7551E41C10A00234715 /* UserProfileViewController.swift */,
				B09405CE1E44CF9E00CE0068 /* GalleryViewController.swift */,
				B09405D01E44D04400CE0068 /* PostViewController.swift */,
				B087C7571E41C16600234715 /* PhotoCell.swift */,
				B087C7581E41C16600234715 /* PhotoCell.xib */,
				B087C75B1E41C27100234715 /* ProfileHeaderView.swift */,
				B087C75C1E41C27100234715 /* ProfileHeaderView.xib */,
				B0D0DC3D1E43057200381AEE /* EditProfilePictureView.swift */,
				B0D0DC3E1E43057200381AEE /* EditProfilePictureView.xib */,
				B0D0DC401E43057200381AEE /* EditProfileViewController.swift */,
				B0D0DC3F1E43057200381AEE /* EditProfileViewController.storyboard */,
				B0383C201E4322E2002FD893 /* SettingsViewController.swift */,
				B09405CC1E44B19900CE0068 /* WebViewController.swift */,
			);
			name = Profile;
			sourceTree = "<group>";
		};
		B09405D81E4834EB00CE0068 /* WDImagePicker */ = {
			isa = PBXGroup;
			children = (
				B09405D91E4834F800CE0068 /* WDCropBorderView.swift */,
				B09405DA1E4834F800CE0068 /* WDImageCropOverlayView.swift */,
				B09405DB1E4834F800CE0068 /* WDImageCropView.swift */,
				B09405DC1E4834F800CE0068 /* WDImageCropViewController.swift */,
				B09405DD1E4834F800CE0068 /* WDImagePicker.swift */,
				B09405DE1E4834F800CE0068 /* WDResizableCropOverlayView.swift */,
			);
			name = WDImagePicker;
			sourceTree = "<group>";
		};
		B0B043141E40B53000D50DA7 /* Extensions */ = {
			isa = PBXGroup;
			children = (
				B02761841E5E8B9500668C87 /* MKGradientGenerator.swift */,
				B02761851E5E8B9500668C87 /* MKGradientView.swift */,
				B09405D81E4834EB00CE0068 /* WDImagePicker */,
				B0E59E071E409B65007B4762 /* Extensions.swift */,
				B01EE5331E435D450049BCBF /* TextFieldEffects */,
			);
			name = Extensions;
			sourceTree = "<group>";
		};
		B0B043271E40CE5800D50DA7 /* Messages */ = {
			isa = PBXGroup;
			children = (
				B0B043281E40CF4D00D50DA7 /* MessagesTableViewController.swift */,
				B0B0432E1E40D36700D50DA7 /* ConversationViewCell.swift */,
				B0B043301E40DB0E00D50DA7 /* ChatViewController.swift */,
			);
			name = Messages;
			sourceTree = "<group>";
		};
		B0B043321E41597F00D50DA7 /* Camera */ = {
			isa = PBXGroup;
			children = (
				B087C7521E41646E00234715 /* KDCircularProgress.swift */,
				B0B043351E4159B800D50DA7 /* CameraTransition.swift */,
				B0B043331E41599100D50DA7 /* CameraViewController.swift */,
				B087C7501E4163AA00234715 /* CameraButton.swift */,
				B087C7731E41E6AE00234715 /* SendLocationHeaderView.swift */,
				B087C7741E41E6AE00234715 /* SendLocationHeaderView.xib */,
				B087C7751E41E6AE00234715 /* SendLocationViewCell.swift */,
				B087C7761E41E6AE00234715 /* SendLocationViewCell.xib */,
				B087C7771E41E6AE00234715 /* SendProfileViewCell.swift */,
				B087C7781E41E6AE00234715 /* SendProfileViewCell.xib */,
				B087C7791E41E6AE00234715 /* SendTableViewController.swift */,
			);
			name = Camera;
			sourceTree = "<group>";
		};
		B0CC44E51E431D1B0078FFFE /* Activity */ = {
			isa = PBXGroup;
			children = (
				B0CC44E61E431D260078FFFE /* ActivityViewController.swift */,
				B0383C241E43515C002FD893 /* UserSearchViewController.storyboard */,
				B0383C251E43515C002FD893 /* UserSearchViewController.swift */,
			);
			name = Activity;
			sourceTree = "<group>";
		};
		B0D84F621E4046DD0043D28C = {
			isa = PBXGroup;
			children = (
				B0D84F6D1E4046DD0043D28C /* Lit */,
				B0D84F6C1E4046DD0043D28C /* Products */,
				3E6CBEFBAABCDA65BA0F30BC /* Pods */,
				80C459F734B798EDCAEE32BD /* Frameworks */,
			);
			sourceTree = "<group>";
		};
		B0D84F6C1E4046DD0043D28C /* Products */ = {
			isa = PBXGroup;
			children = (
				B0D84F6B1E4046DD0043D28C /* Lit.app */,
			);
			name = Products;
			sourceTree = "<group>";
		};
		B0D84F6D1E4046DD0043D28C /* Lit */ = {
			isa = PBXGroup;
			children = (
				B09405D71E46131100CE0068 /* Lit.entitlements */,
				B0D84F721E4046DD0043D28C /* Main.storyboard */,
				B0D84F751E4046DD0043D28C /* Assets.xcassets */,
				B0D84F771E4046DD0043D28C /* LaunchScreen.storyboard */,
				B0D84F7A1E4046DD0043D28C /* Info.plist */,
				B09405D51E460BF100CE0068 /* GoogleService-Info.plist */,
				B0D84F6E1E4046DD0043D28C /* AppDelegate.swift */,
				B0828FF21E64AA6E00F3EE2C /* mapStyle.json */,
				B0E59DE61E4050B9007B4762 /* Models */,
				B0E59DD91E404FDC007B4762 /* State */,
				B0E59DE71E405506007B4762 /* Services */,
				B0B043141E40B53000D50DA7 /* Extensions */,
				B0E59DEC1E406555007B4762 /* ViewControllers */,
			);
			path = Lit;
			sourceTree = "<group>";
		};
		B0E59DD91E404FDC007B4762 /* State */ = {
			isa = PBXGroup;
			children = (
				B0E59DDC1E405084007B4762 /* Tree.swift */,
				B0E59DDA1E405052007B4762 /* AppState.swift */,
				B087C7631E41C61600234715 /* LocationsReducer.swift */,
				B087C7611E41C5D900234715 /* UserReducer.swift */,
				B0B0432C1E40D08700D50DA7 /* ConversationsReducer.swift */,
				B087C75F1E41C52E00234715 /* SocialReducer.swift */,
			);
			name = State;
			sourceTree = "<group>";
		};
		B0E59DE61E4050B9007B4762 /* Models */ = {
			isa = PBXGroup;
			children = (
				B0E59DDE1E4050B5007B4762 /* Location.swift */,
				B0E59DDF1E4050B5007B4762 /* Story.swift */,
				B0E59DE01E4050B5007B4762 /* StoryItem.swift */,
				B0E59DE11E4050B5007B4762 /* User.swift */,
				B0B0432A1E40CFC000D50DA7 /* Conversation.swift */,
			);
			name = Models;
			sourceTree = "<group>";
		};
		B0E59DE71E405506007B4762 /* Services */ = {
			isa = PBXGroup;
			children = (
				B0E59DE81E40551B007B4762 /* UserService.swift */,
				B0B043231E40BE0000D50DA7 /* UploadService.swift */,
				B0E59DEF1E406662007B4762 /* Listeners.swift */,
				B0E59DF21E406678007B4762 /* GPSService.swift */,
				B0E59DF61E406D50007B4762 /* LocationService.swift */,
				B0383C221E43256B002FD893 /* FacebookGraph.swift */,
				B0BD94921E5496DE00C45BE3 /* NotificationService.swift */,
			);
			name = Services;
			sourceTree = "<group>";
		};
		B0E59DEC1E406555007B4762 /* ViewControllers */ = {
			isa = PBXGroup;
			children = (
				B0E59DF41E4066EC007B4762 /* MasterTabBarController.swift */,
				B0B043251E40C60300D50DA7 /* MasterNavigationController.swift */,
				B09405F11E4EE14200CE0068 /* TacoDialogView.swift */,
				B09405F21E4EE14200CE0068 /* TacoDialogView.xib */,
				B01EE5321E435CA40049BCBF /* Login */,
				B0E59DF91E407640007B4762 /* Home */,
				B0E59E001E409191007B4762 /* Location */,
				B0CC44E51E431D1B0078FFFE /* Activity */,
				B0B043321E41597F00D50DA7 /* Camera */,
				B0B043271E40CE5800D50DA7 /* Messages */,
				B087C7541E41C0F700234715 /* Profile */,
				B0E59DFE1E4078BA007B4762 /* Utilities.swift */,
			);
			name = ViewControllers;
			sourceTree = "<group>";
		};
		B0E59DF91E407640007B4762 /* Home */ = {
			isa = PBXGroup;
			children = (
				B0E59DED1E406575007B4762 /* HomeViewController.swift */,
				B0E59DFA1E40765D007B4762 /* LocationTableCell.swift */,
				B0E59DFB1E40765D007B4762 /* LocationTableCell.xib */,
			);
			name = Home;
			sourceTree = "<group>";
		};
		B0E59E001E409191007B4762 /* Location */ = {
			isa = PBXGroup;
			children = (
				B0E59E011E4091D1007B4762 /* LocationViewController.swift */,
				B059015D1E6284F7005BD519 /* LocationHeaderView.swift */,
				B059015B1E628496005BD519 /* LocationHeaderView.xib */,
				B0B043101E40AED300D50DA7 /* LocationFooterView.swift */,
				B0B043121E40AEDE00D50DA7 /* LocationFooterView.xib */,
				B0B043211E40BB0100D50DA7 /* StoriesViewController.swift */,
				B087C7711E41E5EA00234715 /* StoryViewController.swift */,
				B087C7881E41F82200234715 /* StoryProgressIndicator.swift */,
				B087C7871E41F82200234715 /* ProgressIndicator.swift */,
				B087C7651E41E43600234715 /* PostAuthorView.swift */,
				B087C7661E41E43600234715 /* PostAuthorView.xib */,
				B087C76B1E41E4CD00234715 /* CommentsView.swift */,
				B087C76C1E41E4CD00234715 /* CommentsView.xib */,
				B087C7691E41E4CD00234715 /* CommentCell.swift */,
				B087C76A1E41E4CD00234715 /* CommentCell.xib */,
				B09405EB1E4A7C4F00CE0068 /* StoryInfoView.swift */,
				B09405E91E4A7C3F00CE0068 /* StoryInfoView.xib */,
				B087C7831E41EE8600234715 /* ListHeaderView.swift */,
				B087C7841E41EE8600234715 /* ListHeaderView.xib */,
				B0BD94901E53A3F500C45BE3 /* LocationStoriesHeader.xib */,
				B0B0430C1E40A83500D50DA7 /* UserStoryTableViewCell.swift */,
				B0B0430D1E40A83500D50DA7 /* UserStoryTableViewCell.xib */,
				B0E59E031E409444007B4762 /* InfoTableViewCell.swift */,
				B0E59E041E409444007B4762 /* InfoTableViewCell.xib */,
				B09405EF1E4C57AC00CE0068 /* CommentBar.swift */,
				B09405ED1E4C570C00CE0068 /* CommentBar.xib */,
				B09405CA1E44B18400CE0068 /* MapViewController.swift */,
			);
			name = Location;
			sourceTree = "<group>";
		};
/* End PBXGroup section */

/* Begin PBXNativeTarget section */
		B0D84F6A1E4046DD0043D28C /* Lit */ = {
			isa = PBXNativeTarget;
			buildConfigurationList = B0D84F7D1E4046DD0043D28C /* Build configuration list for PBXNativeTarget "Lit" */;
			buildPhases = (
				9455B94D44D7C3A214ECFFAA /* [CP] Check Pods Manifest.lock */,
				B0D84F671E4046DD0043D28C /* Sources */,
				B0D84F681E4046DD0043D28C /* Frameworks */,
				B0D84F691E4046DD0043D28C /* Resources */,
				1A34794EBF5F15BBA4511878 /* [CP] Embed Pods Frameworks */,
				942A91681B0A2A0487C3A8BB /* [CP] Copy Pods Resources */,
			);
			buildRules = (
			);
			dependencies = (
			);
			name = Lit;
			productName = Lit;
			productReference = B0D84F6B1E4046DD0043D28C /* Lit.app */;
			productType = "com.apple.product-type.application";
		};
/* End PBXNativeTarget section */

/* Begin PBXProject section */
		B0D84F631E4046DD0043D28C /* Project object */ = {
			isa = PBXProject;
			attributes = {
				LastSwiftUpdateCheck = 0820;
				LastUpgradeCheck = 0820;
				ORGANIZATIONNAME = "Robert Canton";
				TargetAttributes = {
					B0D84F6A1E4046DD0043D28C = {
						CreatedOnToolsVersion = 8.2.1;
						DevelopmentTeam = 6BES3VUFCX;
						LastSwiftMigration = 0820;
						ProvisioningStyle = Manual;
						SystemCapabilities = {
							com.apple.BackgroundModes = {
								enabled = 1;
							};
							com.apple.Push = {
								enabled = 1;
							};
						};
					};
				};
			};
			buildConfigurationList = B0D84F661E4046DD0043D28C /* Build configuration list for PBXProject "Lit" */;
			compatibilityVersion = "Xcode 3.2";
			developmentRegion = English;
			hasScannedForEncodings = 0;
			knownRegions = (
				en,
				Base,
			);
			mainGroup = B0D84F621E4046DD0043D28C;
			productRefGroup = B0D84F6C1E4046DD0043D28C /* Products */;
			projectDirPath = "";
			projectRoot = "";
			targets = (
				B0D84F6A1E4046DD0043D28C /* Lit */,
			);
		};
/* End PBXProject section */

/* Begin PBXResourcesBuildPhase section */
		B0D84F691E4046DD0043D28C /* Resources */ = {
			isa = PBXResourcesBuildPhase;
			buildActionMask = 2147483647;
			files = (
				B087C7681E41E43600234715 /* PostAuthorView.xib in Resources */,
				B0D84F791E4046DD0043D28C /* LaunchScreen.storyboard in Resources */,
				B0B0430F1E40A83500D50DA7 /* UserStoryTableViewCell.xib in Resources */,
				B059015C1E628497005BD519 /* LocationHeaderView.xib in Resources */,
				B0CC44E41E4318440078FFFE /* UserViewCell.xib in Resources */,
				B087C76E1E41E4CD00234715 /* CommentCell.xib in Resources */,
				B087C7701E41E4CD00234715 /* CommentsView.xib in Resources */,
				B087C77D1E41E6AE00234715 /* SendLocationViewCell.xib in Resources */,
				B0B043131E40AEDE00D50DA7 /* LocationFooterView.xib in Resources */,
				B0E59E061E409444007B4762 /* InfoTableViewCell.xib in Resources */,
				B0E59DFD1E40765D007B4762 /* LocationTableCell.xib in Resources */,
				B09405F41E4EE14200CE0068 /* TacoDialogView.xib in Resources */,
				B0828FF31E64AA6E00F3EE2C /* mapStyle.json in Resources */,
				B09405EA1E4A7C3F00CE0068 /* StoryInfoView.xib in Resources */,
				B01EE5421E435D450049BCBF /* Info.plist in Resources */,
				B0D0DC431E43057400381AEE /* EditProfileViewController.storyboard in Resources */,
				B087C75A1E41C16600234715 /* PhotoCell.xib in Resources */,
				B087C77B1E41E6AE00234715 /* SendLocationHeaderView.xib in Resources */,
				B0383C261E43515C002FD893 /* UserSearchViewController.storyboard in Resources */,
				B0D84F761E4046DD0043D28C /* Assets.xcassets in Resources */,
				B0D84F741E4046DD0043D28C /* Main.storyboard in Resources */,
				B087C7861E41EE8600234715 /* ListHeaderView.xib in Resources */,
				B087C77F1E41E6AE00234715 /* SendProfileViewCell.xib in Resources */,
				B09405D61E460BF100CE0068 /* GoogleService-Info.plist in Resources */,
				B087C75E1E41C27100234715 /* ProfileHeaderView.xib in Resources */,
				B0D0DC421E43057400381AEE /* EditProfilePictureView.xib in Resources */,
				B09405EE1E4C570D00CE0068 /* CommentBar.xib in Resources */,
				B0BD94911E53A3F500C45BE3 /* LocationStoriesHeader.xib in Resources */,
			);
			runOnlyForDeploymentPostprocessing = 0;
		};
/* End PBXResourcesBuildPhase section */

/* Begin PBXShellScriptBuildPhase section */
		1A34794EBF5F15BBA4511878 /* [CP] Embed Pods Frameworks */ = {
			isa = PBXShellScriptBuildPhase;
			buildActionMask = 2147483647;
			files = (
			);
			inputPaths = (
			);
			name = "[CP] Embed Pods Frameworks";
			outputPaths = (
			);
			runOnlyForDeploymentPostprocessing = 0;
			shellPath = /bin/sh;
			shellScript = "\"${SRCROOT}/Pods/Target Support Files/Pods-Lit/Pods-Lit-frameworks.sh\"\n";
			showEnvVarsInLog = 0;
		};
		942A91681B0A2A0487C3A8BB /* [CP] Copy Pods Resources */ = {
			isa = PBXShellScriptBuildPhase;
			buildActionMask = 2147483647;
			files = (
			);
			inputPaths = (
			);
			name = "[CP] Copy Pods Resources";
			outputPaths = (
			);
			runOnlyForDeploymentPostprocessing = 0;
			shellPath = /bin/sh;
			shellScript = "\"${SRCROOT}/Pods/Target Support Files/Pods-Lit/Pods-Lit-resources.sh\"\n";
			showEnvVarsInLog = 0;
		};
		9455B94D44D7C3A214ECFFAA /* [CP] Check Pods Manifest.lock */ = {
			isa = PBXShellScriptBuildPhase;
			buildActionMask = 2147483647;
			files = (
			);
			inputPaths = (
			);
			name = "[CP] Check Pods Manifest.lock";
			outputPaths = (
			);
			runOnlyForDeploymentPostprocessing = 0;
			shellPath = /bin/sh;
			shellScript = "diff \"${PODS_ROOT}/../Podfile.lock\" \"${PODS_ROOT}/Manifest.lock\" > /dev/null\nif [ $? != 0 ] ; then\n    # print error to STDERR\n    echo \"error: The sandbox is not in sync with the Podfile.lock. Run 'pod install' or update your CocoaPods installation.\" >&2\n    exit 1\nfi\n";
			showEnvVarsInLog = 0;
		};
/* End PBXShellScriptBuildPhase section */

/* Begin PBXSourcesBuildPhase section */
		B0D84F671E4046DD0043D28C /* Sources */ = {
			isa = PBXSourcesBuildPhase;
			buildActionMask = 2147483647;
			files = (
				B0D0DC441E43057400381AEE /* EditProfileViewController.swift in Sources */,
				B0B0432D1E40D08700D50DA7 /* ConversationsReducer.swift in Sources */,
				B0D0DC411E43057400381AEE /* EditProfilePictureView.swift in Sources */,
				B0E59DF71E406D50007B4762 /* LocationService.swift in Sources */,
				B0CC44E01E4316720078FFFE /* UsersListViewController.swift in Sources */,
				B0E59DDB1E405052007B4762 /* AppState.swift in Sources */,
				B0383C231E43256B002FD893 /* FacebookGraph.swift in Sources */,
				B087C7721E41E5EA00234715 /* StoryViewController.swift in Sources */,
				B0E59DDD1E405084007B4762 /* Tree.swift in Sources */,
				B0E59E051E409444007B4762 /* InfoTableViewCell.swift in Sources */,
				B087C7561E41C10A00234715 /* UserProfileViewController.swift in Sources */,
				B01EE5481E435D450049BCBF /* TextFieldsEffects.swift in Sources */,
				B087C7891E41F82200234715 /* ProgressIndicator.swift in Sources */,
				B09405CB1E44B18400CE0068 /* MapViewController.swift in Sources */,
				B09405E31E4834FB00CE0068 /* WDImagePicker.swift in Sources */,
				B09405F01E4C57AC00CE0068 /* CommentBar.swift in Sources */,
				B0E59DF31E406678007B4762 /* GPSService.swift in Sources */,
				B09405E21E4834FB00CE0068 /* WDImageCropViewController.swift in Sources */,
				B087C77C1E41E6AE00234715 /* SendLocationViewCell.swift in Sources */,
				B09405E41E4834FB00CE0068 /* WDResizableCropOverlayView.swift in Sources */,
				B0E59E021E4091D1007B4762 /* LocationViewController.swift in Sources */,
				B0B043261E40C60300D50DA7 /* MasterNavigationController.swift in Sources */,
				B0E59DE91E40551B007B4762 /* UserService.swift in Sources */,
				B0E59E081E409B65007B4762 /* Extensions.swift in Sources */,
				B01EE5451E435D450049BCBF /* KaedeTextField.swift in Sources */,
				B087C7601E41C52E00234715 /* SocialReducer.swift in Sources */,
				B0E59DFC1E40765D007B4762 /* LocationTableCell.swift in Sources */,
				B01EE5441E435D450049BCBF /* JiroTextField.swift in Sources */,
				B087C77A1E41E6AE00234715 /* SendLocationHeaderView.swift in Sources */,
				B02761861E5E8B9500668C87 /* MKGradientGenerator.swift in Sources */,
				B0BD94931E5496DE00C45BE3 /* NotificationService.swift in Sources */,
				B0B043341E41599100D50DA7 /* CameraViewController.swift in Sources */,
				B0E59DFF1E4078BA007B4762 /* Utilities.swift in Sources */,
				B087C77E1E41E6AE00234715 /* SendProfileViewCell.swift in Sources */,
				B01EE5401E435D450049BCBF /* AkiraTextField.swift in Sources */,
				B09405EC1E4A7C4F00CE0068 /* StoryInfoView.swift in Sources */,
				B0383C211E4322E2002FD893 /* SettingsViewController.swift in Sources */,
				B01EE5411E435D450049BCBF /* HoshiTextField.swift in Sources */,
				B087C76D1E41E4CD00234715 /* CommentCell.swift in Sources */,
				B087C7621E41C5D900234715 /* UserReducer.swift in Sources */,
				B0E59DE21E4050B5007B4762 /* Location.swift in Sources */,
				B0B0432B1E40CFC000D50DA7 /* Conversation.swift in Sources */,
				B01EE54A1E435D450049BCBF /* YoshikoTextField.swift in Sources */,
				B09405D11E44D04400CE0068 /* PostViewController.swift in Sources */,
				B087C7531E41646E00234715 /* KDCircularProgress.swift in Sources */,
				B087C76F1E41E4CD00234715 /* CommentsView.swift in Sources */,
				B0383C271E43515C002FD893 /* UserSearchViewController.swift in Sources */,
				B087C7671E41E43600234715 /* PostAuthorView.swift in Sources */,
				B0E59DE41E4050B5007B4762 /* StoryItem.swift in Sources */,
				B0B043111E40AED300D50DA7 /* LocationFooterView.swift in Sources */,
				B087C7641E41C61700234715 /* LocationsReducer.swift in Sources */,
				B0E59DEE1E406575007B4762 /* HomeViewController.swift in Sources */,
				B02761871E5E8B9500668C87 /* MKGradientView.swift in Sources */,
				B09405E11E4834FB00CE0068 /* WDImageCropView.swift in Sources */,
				B01EE5301E435CA00049BCBF /* CreateProfileViewController.swift in Sources */,
				B087C7511E4163AA00234715 /* CameraButton.swift in Sources */,
				B087C78A1E41F82200234715 /* StoryProgressIndicator.swift in Sources */,
				B087C7591E41C16600234715 /* PhotoCell.swift in Sources */,
				B0B043361E4159B800D50DA7 /* CameraTransition.swift in Sources */,
				B0E59DF51E4066EC007B4762 /* MasterTabBarController.swift in Sources */,
				B09405F31E4EE14200CE0068 /* TacoDialogView.swift in Sources */,
				B01EE5431E435D450049BCBF /* IsaoTextField.swift in Sources */,
				B0E59DE51E4050B5007B4762 /* User.swift in Sources */,
				B0D84F711E4046DD0043D28C /* LoginViewController.swift in Sources */,
				B0D84F6F1E4046DD0043D28C /* AppDelegate.swift in Sources */,
				B09405E01E4834FB00CE0068 /* WDImageCropOverlayView.swift in Sources */,
				B0B043291E40CF4D00D50DA7 /* MessagesTableViewController.swift in Sources */,
				B0CC44E71E431D260078FFFE /* ActivityViewController.swift in Sources */,
				B087C7801E41E6AE00234715 /* SendTableViewController.swift in Sources */,
				B09405CD1E44B19900CE0068 /* WebViewController.swift in Sources */,
				B0B043221E40BB0100D50DA7 /* StoriesViewController.swift in Sources */,
				B0E59DE31E4050B5007B4762 /* Story.swift in Sources */,
				B059015E1E6284F7005BD519 /* LocationHeaderView.swift in Sources */,
				B0B0430E1E40A83500D50DA7 /* UserStoryTableViewCell.swift in Sources */,
				B087C75D1E41C27100234715 /* ProfileHeaderView.swift in Sources */,
				B0E59DF01E406662007B4762 /* Listeners.swift in Sources */,
				B01EE5471E435D450049BCBF /* MinoruTextField.swift in Sources */,
				B0B043241E40BE0000D50DA7 /* UploadService.swift in Sources */,
				B01EE5461E435D450049BCBF /* MadokaTextField.swift in Sources */,
				B0B043311E40DB0E00D50DA7 /* ChatViewController.swift in Sources */,
				B0CC44E31E4318440078FFFE /* UserViewCell.swift in Sources */,
				B09405DF1E4834FB00CE0068 /* WDCropBorderView.swift in Sources */,
				B01EE5491E435D450049BCBF /* YokoTextField.swift in Sources */,
				B09405CF1E44CF9E00CE0068 /* GalleryViewController.swift in Sources */,
				B0B0432F1E40D36700D50DA7 /* ConversationViewCell.swift in Sources */,
				B087C7851E41EE8600234715 /* ListHeaderView.swift in Sources */,
			);
			runOnlyForDeploymentPostprocessing = 0;
		};
/* End PBXSourcesBuildPhase section */

/* Begin PBXVariantGroup section */
		B0D84F721E4046DD0043D28C /* Main.storyboard */ = {
			isa = PBXVariantGroup;
			children = (
				B0D84F731E4046DD0043D28C /* Base */,
			);
			name = Main.storyboard;
			sourceTree = "<group>";
		};
		B0D84F771E4046DD0043D28C /* LaunchScreen.storyboard */ = {
			isa = PBXVariantGroup;
			children = (
				B0D84F781E4046DD0043D28C /* Base */,
			);
			name = LaunchScreen.storyboard;
			sourceTree = "<group>";
		};
/* End PBXVariantGroup section */

/* Begin XCBuildConfiguration section */
		B0D84F7B1E4046DD0043D28C /* Debug */ = {
			isa = XCBuildConfiguration;
			buildSettings = {
				ALWAYS_SEARCH_USER_PATHS = NO;
				CLANG_ANALYZER_NONNULL = YES;
				CLANG_CXX_LANGUAGE_STANDARD = "gnu++0x";
				CLANG_CXX_LIBRARY = "libc++";
				CLANG_ENABLE_MODULES = YES;
				CLANG_ENABLE_OBJC_ARC = YES;
				CLANG_WARN_BOOL_CONVERSION = YES;
				CLANG_WARN_CONSTANT_CONVERSION = YES;
				CLANG_WARN_DIRECT_OBJC_ISA_USAGE = YES_ERROR;
				CLANG_WARN_DOCUMENTATION_COMMENTS = YES;
				CLANG_WARN_EMPTY_BODY = YES;
				CLANG_WARN_ENUM_CONVERSION = YES;
				CLANG_WARN_INFINITE_RECURSION = YES;
				CLANG_WARN_INT_CONVERSION = YES;
				CLANG_WARN_OBJC_ROOT_CLASS = YES_ERROR;
				CLANG_WARN_SUSPICIOUS_MOVE = YES;
				CLANG_WARN_UNREACHABLE_CODE = YES;
				CLANG_WARN__DUPLICATE_METHOD_MATCH = YES;
				CODE_SIGN_IDENTITY = "iPhone Developer: Robert Canton (WDQ99T7CA8)";
				"CODE_SIGN_IDENTITY[sdk=iphoneos*]" = "iPhone Developer: Robert Canton (WDQ99T7CA8)";
				COPY_PHASE_STRIP = NO;
				DEBUG_INFORMATION_FORMAT = dwarf;
				ENABLE_STRICT_OBJC_MSGSEND = YES;
				ENABLE_TESTABILITY = YES;
				GCC_C_LANGUAGE_STANDARD = gnu99;
				GCC_DYNAMIC_NO_PIC = NO;
				GCC_NO_COMMON_BLOCKS = YES;
				GCC_OPTIMIZATION_LEVEL = 0;
				GCC_PREPROCESSOR_DEFINITIONS = (
					"DEBUG=1",
					"$(inherited)",
				);
				GCC_WARN_64_TO_32_BIT_CONVERSION = YES;
				GCC_WARN_ABOUT_RETURN_TYPE = YES_ERROR;
				GCC_WARN_UNDECLARED_SELECTOR = YES;
				GCC_WARN_UNINITIALIZED_AUTOS = YES_AGGRESSIVE;
				GCC_WARN_UNUSED_FUNCTION = YES;
				GCC_WARN_UNUSED_VARIABLE = YES;
				IPHONEOS_DEPLOYMENT_TARGET = 10.2;
				MTL_ENABLE_DEBUG_INFO = YES;
				ONLY_ACTIVE_ARCH = YES;
				SDKROOT = iphoneos;
				SWIFT_ACTIVE_COMPILATION_CONDITIONS = DEBUG;
				SWIFT_OPTIMIZATION_LEVEL = "-Onone";
			};
			name = Debug;
		};
		B0D84F7C1E4046DD0043D28C /* Release */ = {
			isa = XCBuildConfiguration;
			buildSettings = {
				ALWAYS_SEARCH_USER_PATHS = NO;
				CLANG_ANALYZER_NONNULL = YES;
				CLANG_CXX_LANGUAGE_STANDARD = "gnu++0x";
				CLANG_CXX_LIBRARY = "libc++";
				CLANG_ENABLE_MODULES = YES;
				CLANG_ENABLE_OBJC_ARC = YES;
				CLANG_WARN_BOOL_CONVERSION = YES;
				CLANG_WARN_CONSTANT_CONVERSION = YES;
				CLANG_WARN_DIRECT_OBJC_ISA_USAGE = YES_ERROR;
				CLANG_WARN_DOCUMENTATION_COMMENTS = YES;
				CLANG_WARN_EMPTY_BODY = YES;
				CLANG_WARN_ENUM_CONVERSION = YES;
				CLANG_WARN_INFINITE_RECURSION = YES;
				CLANG_WARN_INT_CONVERSION = YES;
				CLANG_WARN_OBJC_ROOT_CLASS = YES_ERROR;
				CLANG_WARN_SUSPICIOUS_MOVE = YES;
				CLANG_WARN_UNREACHABLE_CODE = YES;
				CLANG_WARN__DUPLICATE_METHOD_MATCH = YES;
				CODE_SIGN_IDENTITY = "iPhone Distribution: Robert Canton (6BES3VUFCX)";
				"CODE_SIGN_IDENTITY[sdk=iphoneos*]" = "iPhone Distribution: Robert Canton (6BES3VUFCX)";
				COPY_PHASE_STRIP = NO;
				DEBUG_INFORMATION_FORMAT = "dwarf-with-dsym";
				ENABLE_NS_ASSERTIONS = NO;
				ENABLE_STRICT_OBJC_MSGSEND = YES;
				GCC_C_LANGUAGE_STANDARD = gnu99;
				GCC_NO_COMMON_BLOCKS = YES;
				GCC_WARN_64_TO_32_BIT_CONVERSION = YES;
				GCC_WARN_ABOUT_RETURN_TYPE = YES_ERROR;
				GCC_WARN_UNDECLARED_SELECTOR = YES;
				GCC_WARN_UNINITIALIZED_AUTOS = YES_AGGRESSIVE;
				GCC_WARN_UNUSED_FUNCTION = YES;
				GCC_WARN_UNUSED_VARIABLE = YES;
				IPHONEOS_DEPLOYMENT_TARGET = 10.2;
				MTL_ENABLE_DEBUG_INFO = NO;
				SDKROOT = iphoneos;
				SWIFT_OPTIMIZATION_LEVEL = "-Owholemodule";
				VALIDATE_PRODUCT = YES;
			};
			name = Release;
		};
		B0D84F7E1E4046DD0043D28C /* Debug */ = {
			isa = XCBuildConfiguration;
			baseConfigurationReference = F2E7A42E988E95735BC9E6F1 /* Pods-Lit.debug.xcconfig */;
			buildSettings = {
				ASSETCATALOG_COMPILER_APPICON_NAME = AppIcon;
				CODE_SIGN_ENTITLEMENTS = Lit/Lit.entitlements;
				CODE_SIGN_IDENTITY = "iPhone Developer: Robert Canton (WDQ99T7CA8)";
				"CODE_SIGN_IDENTITY[sdk=iphoneos*]" = "iPhone Developer: Robert Canton (WDQ99T7CA8)";
				DEVELOPMENT_TEAM = 6BES3VUFCX;
				FRAMEWORK_SEARCH_PATHS = (
					"$(inherited)",
					"$(PROJECT_DIR)",
				);
				INFOPLIST_FILE = Lit/Info.plist;
				IPHONEOS_DEPLOYMENT_TARGET = 9.0;
				LD_RUNPATH_SEARCH_PATHS = "$(inherited) @executable_path/Frameworks";
				PRODUCT_BUNDLE_IDENTIFIER = com.robcanton.lit;
				PRODUCT_NAME = "$(TARGET_NAME)";
				PROVISIONING_PROFILE = "00e87235-e0d6-4373-965c-75a8a32f8a8d";
				PROVISIONING_PROFILE_SPECIFIER = "Lit-iOS-2017-Development-Profile";
				SWIFT_VERSION = 3.0;
			};
			name = Debug;
		};
		B0D84F7F1E4046DD0043D28C /* Release */ = {
			isa = XCBuildConfiguration;
			baseConfigurationReference = 82D051C960EAD77D39AD3FF9 /* Pods-Lit.release.xcconfig */;
			buildSettings = {
				ASSETCATALOG_COMPILER_APPICON_NAME = AppIcon;
				CODE_SIGN_ENTITLEMENTS = Lit/Lit.entitlements;
				CODE_SIGN_IDENTITY = "iPhone Distribution: Robert Canton (6BES3VUFCX)";
				"CODE_SIGN_IDENTITY[sdk=iphoneos*]" = "iPhone Distribution: Robert Canton (6BES3VUFCX)";
				DEVELOPMENT_TEAM = 6BES3VUFCX;
				FRAMEWORK_SEARCH_PATHS = (
					"$(inherited)",
					"$(PROJECT_DIR)",
				);
				INFOPLIST_FILE = Lit/Info.plist;
				IPHONEOS_DEPLOYMENT_TARGET = 9.0;
				LD_RUNPATH_SEARCH_PATHS = "$(inherited) @executable_path/Frameworks";
				PRODUCT_BUNDLE_IDENTIFIER = com.robcanton.lit;
				PRODUCT_NAME = "$(TARGET_NAME)";
				PROVISIONING_PROFILE = "fce9e410-99e3-4931-b814-ba5407eb7211";
				PROVISIONING_PROFILE_SPECIFIER = "Lit-iOS-2017-Profile";
				SWIFT_VERSION = 3.0;
			};
			name = Release;
		};
/* End XCBuildConfiguration section */

/* Begin XCConfigurationList section */
		B0D84F661E4046DD0043D28C /* Build configuration list for PBXProject "Lit" */ = {
			isa = XCConfigurationList;
			buildConfigurations = (
				B0D84F7B1E4046DD0043D28C /* Debug */,
				B0D84F7C1E4046DD0043D28C /* Release */,
			);
			defaultConfigurationIsVisible = 0;
			defaultConfigurationName = Release;
		};
		B0D84F7D1E4046DD0043D28C /* Build configuration list for PBXNativeTarget "Lit" */ = {
			isa = XCConfigurationList;
			buildConfigurations = (
				B0D84F7E1E4046DD0043D28C /* Debug */,
				B0D84F7F1E4046DD0043D28C /* Release */,
			);
			defaultConfigurationIsVisible = 0;
			defaultConfigurationName = Release;
		};
/* End XCConfigurationList section */
	};
	rootObject = B0D84F631E4046DD0043D28C /* Project object */;
}
